// !$*UTF8*$!
{
	archiveVersion = 1;
	classes = {
	};
	objectVersion = 51;
	objects = {

/* Begin PBXBuildFile section */
		AE983C962459C15400A6E2ED /* ForecastCellView.swift in Sources */ = {isa = PBXBuildFile; fileRef = AE983C952459C15400A6E2ED /* ForecastCellView.swift */; };
		AE983C9A2459C8F500A6E2ED /* ForecastCellView.xib in Resources */ = {isa = PBXBuildFile; fileRef = AE983C992459C8F500A6E2ED /* ForecastCellView.xib */; };
		AE983C9C2459CD5200A6E2ED /* PlaceholderView.xib in Resources */ = {isa = PBXBuildFile; fileRef = AE983C9B2459CD5200A6E2ED /* PlaceholderView.xib */; };
		AE983C9E2459CD5F00A6E2ED /* PlaceholderView.swift in Sources */ = {isa = PBXBuildFile; fileRef = AE983C9D2459CD5F00A6E2ED /* PlaceholderView.swift */; };
		AE983CA02459E0CC00A6E2ED /* SunView.swift in Sources */ = {isa = PBXBuildFile; fileRef = AE983C9F2459E0CC00A6E2ED /* SunView.swift */; };
		AE983CA22459E0DF00A6E2ED /* SunView.xib in Resources */ = {isa = PBXBuildFile; fileRef = AE983CA12459E0DF00A6E2ED /* SunView.xib */; };
		AEAA5C29245975E900C7DC5E /* DetailWeather.swift in Sources */ = {isa = PBXBuildFile; fileRef = AEAA5C28245975E900C7DC5E /* DetailWeather.swift */; };
		AEAEB57F24598C3C00EF130A /* Forecast.swift in Sources */ = {isa = PBXBuildFile; fileRef = AEAEB57E24598C3C00EF130A /* Forecast.swift */; };
		AEAEB58224599C2000EF130A /* WeatherView.swift in Sources */ = {isa = PBXBuildFile; fileRef = AEAEB58124599C2000EF130A /* WeatherView.swift */; };
		AEAEB58424599C2800EF130A /* WeatherView.xib in Resources */ = {isa = PBXBuildFile; fileRef = AEAEB58324599C2800EF130A /* WeatherView.xib */; };
		AEAEB58624599CEF00EF130A /* SpinnerView.swift in Sources */ = {isa = PBXBuildFile; fileRef = AEAEB58524599CEF00EF130A /* SpinnerView.swift */; };
		AEAEB58A2459BA5300EF130A /* WeatherCollectionViewCell.swift in Sources */ = {isa = PBXBuildFile; fileRef = AEAEB5892459BA5300EF130A /* WeatherCollectionViewCell.swift */; };
		AECF068924596EDA001BF6D2 /* AppDelegate.swift in Sources */ = {isa = PBXBuildFile; fileRef = AECF068824596EDA001BF6D2 /* AppDelegate.swift */; };
		AECF068B24596EDA001BF6D2 /* SceneDelegate.swift in Sources */ = {isa = PBXBuildFile; fileRef = AECF068A24596EDA001BF6D2 /* SceneDelegate.swift */; };
		AECF068D24596EDA001BF6D2 /* WeatherViewController.swift in Sources */ = {isa = PBXBuildFile; fileRef = AECF068C24596EDA001BF6D2 /* WeatherViewController.swift */; };
		AECF069024596EDA001BF6D2 /* Main.storyboard in Resources */ = {isa = PBXBuildFile; fileRef = AECF068E24596EDA001BF6D2 /* Main.storyboard */; };
		AECF069224596EDB001BF6D2 /* Assets.xcassets in Resources */ = {isa = PBXBuildFile; fileRef = AECF069124596EDB001BF6D2 /* Assets.xcassets */; };
		AECF069524596EDB001BF6D2 /* LaunchScreen.storyboard in Resources */ = {isa = PBXBuildFile; fileRef = AECF069324596EDB001BF6D2 /* LaunchScreen.storyboard */; };
		AEE608CB245970D6007B728D /* WeatherNetworking.swift in Sources */ = {isa = PBXBuildFile; fileRef = AEE608CA245970D6007B728D /* WeatherNetworking.swift */; };
		AEE608CE245973C4007B728D /* NetworkingManagerError.swift in Sources */ = {isa = PBXBuildFile; fileRef = AEE608CD245973C4007B728D /* NetworkingManagerError.swift */; };
		AEE608D024597429007B728D /* NetworkingManager.swift in Sources */ = {isa = PBXBuildFile; fileRef = AEE608CF24597429007B728D /* NetworkingManager.swift */; };
		BE4910E2ECE7BF43F2F685B0 /* Pods_Weather.framework in Frameworks */ = {isa = PBXBuildFile; fileRef = B9A3C394EE85BB2E938F91A8 /* Pods_Weather.framework */; };
/* End PBXBuildFile section */

/* Begin PBXFileReference section */
		AE983C952459C15400A6E2ED /* ForecastCellView.swift */ = {isa = PBXFileReference; lastKnownFileType = sourcecode.swift; path = ForecastCellView.swift; sourceTree = "<group>"; };
		AE983C992459C8F500A6E2ED /* ForecastCellView.xib */ = {isa = PBXFileReference; lastKnownFileType = file.xib; path = ForecastCellView.xib; sourceTree = "<group>"; };
		AE983C9B2459CD5200A6E2ED /* PlaceholderView.xib */ = {isa = PBXFileReference; lastKnownFileType = file.xib; path = PlaceholderView.xib; sourceTree = "<group>"; };
		AE983C9D2459CD5F00A6E2ED /* PlaceholderView.swift */ = {isa = PBXFileReference; lastKnownFileType = sourcecode.swift; path = PlaceholderView.swift; sourceTree = "<group>"; };
		AE983C9F2459E0CC00A6E2ED /* SunView.swift */ = {isa = PBXFileReference; lastKnownFileType = sourcecode.swift; path = SunView.swift; sourceTree = "<group>"; };
		AE983CA12459E0DF00A6E2ED /* SunView.xib */ = {isa = PBXFileReference; lastKnownFileType = file.xib; path = SunView.xib; sourceTree = "<group>"; };
		AEAA5C28245975E900C7DC5E /* DetailWeather.swift */ = {isa = PBXFileReference; lastKnownFileType = sourcecode.swift; path = DetailWeather.swift; sourceTree = "<group>"; };
		AEAEB57E24598C3C00EF130A /* Forecast.swift */ = {isa = PBXFileReference; lastKnownFileType = sourcecode.swift; path = Forecast.swift; sourceTree = "<group>"; };
		AEAEB58124599C2000EF130A /* WeatherView.swift */ = {isa = PBXFileReference; lastKnownFileType = sourcecode.swift; path = WeatherView.swift; sourceTree = "<group>"; };
		AEAEB58324599C2800EF130A /* WeatherView.xib */ = {isa = PBXFileReference; lastKnownFileType = file.xib; path = WeatherView.xib; sourceTree = "<group>"; };
		AEAEB58524599CEF00EF130A /* SpinnerView.swift */ = {isa = PBXFileReference; lastKnownFileType = sourcecode.swift; path = SpinnerView.swift; sourceTree = "<group>"; };
		AEAEB5892459BA5300EF130A /* WeatherCollectionViewCell.swift */ = {isa = PBXFileReference; lastKnownFileType = sourcecode.swift; path = WeatherCollectionViewCell.swift; sourceTree = "<group>"; };
		AECF068524596EDA001BF6D2 /* Weather.app */ = {isa = PBXFileReference; explicitFileType = wrapper.application; includeInIndex = 0; path = Weather.app; sourceTree = BUILT_PRODUCTS_DIR; };
		AECF068824596EDA001BF6D2 /* AppDelegate.swift */ = {isa = PBXFileReference; lastKnownFileType = sourcecode.swift; path = AppDelegate.swift; sourceTree = "<group>"; };
		AECF068A24596EDA001BF6D2 /* SceneDelegate.swift */ = {isa = PBXFileReference; lastKnownFileType = sourcecode.swift; path = SceneDelegate.swift; sourceTree = "<group>"; };
		AECF068C24596EDA001BF6D2 /* WeatherViewController.swift */ = {isa = PBXFileReference; lastKnownFileType = sourcecode.swift; path = WeatherViewController.swift; sourceTree = "<group>"; };
		AECF068F24596EDA001BF6D2 /* Base */ = {isa = PBXFileReference; lastKnownFileType = file.storyboard; name = Base; path = Base.lproj/Main.storyboard; sourceTree = "<group>"; };
		AECF069124596EDB001BF6D2 /* Assets.xcassets */ = {isa = PBXFileReference; lastKnownFileType = folder.assetcatalog; path = Assets.xcassets; sourceTree = "<group>"; };
		AECF069424596EDB001BF6D2 /* Base */ = {isa = PBXFileReference; lastKnownFileType = file.storyboard; name = Base; path = Base.lproj/LaunchScreen.storyboard; sourceTree = "<group>"; };
		AECF069624596EDB001BF6D2 /* Info.plist */ = {isa = PBXFileReference; lastKnownFileType = text.plist.xml; path = Info.plist; sourceTree = "<group>"; };
		AEE608CA245970D6007B728D /* WeatherNetworking.swift */ = {isa = PBXFileReference; lastKnownFileType = sourcecode.swift; path = WeatherNetworking.swift; sourceTree = "<group>"; };
		AEE608CD245973C4007B728D /* NetworkingManagerError.swift */ = {isa = PBXFileReference; lastKnownFileType = sourcecode.swift; path = NetworkingManagerError.swift; sourceTree = "<group>"; };
		AEE608CF24597429007B728D /* NetworkingManager.swift */ = {isa = PBXFileReference; lastKnownFileType = sourcecode.swift; path = NetworkingManager.swift; sourceTree = "<group>"; };
		B3A19E9ABE73500C29BA5117 /* Pods-Weather.debug.xcconfig */ = {isa = PBXFileReference; includeInIndex = 1; lastKnownFileType = text.xcconfig; name = "Pods-Weather.debug.xcconfig"; path = "Target Support Files/Pods-Weather/Pods-Weather.debug.xcconfig"; sourceTree = "<group>"; };
		B9A3C394EE85BB2E938F91A8 /* Pods_Weather.framework */ = {isa = PBXFileReference; explicitFileType = wrapper.framework; includeInIndex = 0; path = Pods_Weather.framework; sourceTree = BUILT_PRODUCTS_DIR; };
		E7B873784308E4DF655A8A8E /* Pods-Weather.release.xcconfig */ = {isa = PBXFileReference; includeInIndex = 1; lastKnownFileType = text.xcconfig; name = "Pods-Weather.release.xcconfig"; path = "Target Support Files/Pods-Weather/Pods-Weather.release.xcconfig"; sourceTree = "<group>"; };
/* End PBXFileReference section */

/* Begin PBXFrameworksBuildPhase section */
		AECF068224596EDA001BF6D2 /* Frameworks */ = {
			isa = PBXFrameworksBuildPhase;
			buildActionMask = 2147483647;
			files = (
				BE4910E2ECE7BF43F2F685B0 /* Pods_Weather.framework in Frameworks */,
			);
			runOnlyForDeploymentPostprocessing = 0;
		};
/* End PBXFrameworksBuildPhase section */

/* Begin PBXGroup section */
		318354769D4155C84381D902 /* Pods */ = {
			isa = PBXGroup;
			children = (
				B3A19E9ABE73500C29BA5117 /* Pods-Weather.debug.xcconfig */,
				E7B873784308E4DF655A8A8E /* Pods-Weather.release.xcconfig */,
			);
			path = Pods;
			sourceTree = "<group>";
		};
		4989B3674E58319C1FE08BF0 /* Frameworks */ = {
			isa = PBXGroup;
			children = (
				B9A3C394EE85BB2E938F91A8 /* Pods_Weather.framework */,
			);
			name = Frameworks;
			sourceTree = "<group>";
		};
		AEAEB58024599C1500EF130A /* Xib */ = {
			isa = PBXGroup;
			children = (
				AE983C9D2459CD5F00A6E2ED /* PlaceholderView.swift */,
				AE983C9B2459CD5200A6E2ED /* PlaceholderView.xib */,
				AE983C9F2459E0CC00A6E2ED /* SunView.swift */,
				AE983CA12459E0DF00A6E2ED /* SunView.xib */,
				AEAEB58124599C2000EF130A /* WeatherView.swift */,
				AEAEB58324599C2800EF130A /* WeatherView.xib */,
				AE983C952459C15400A6E2ED /* ForecastCellView.swift */,
				AE983C992459C8F500A6E2ED /* ForecastCellView.xib */,
			);
			path = Xib;
			sourceTree = "<group>";
		};
		AEAEB58F2459BE2600EF130A /* Custom View */ = {
			isa = PBXGroup;
			children = (
				AEAEB58024599C1500EF130A /* Xib */,
				AEAEB5892459BA5300EF130A /* WeatherCollectionViewCell.swift */,
				AEAEB58524599CEF00EF130A /* SpinnerView.swift */,
			);
			path = "Custom View";
			sourceTree = "<group>";
		};
		AECF067C24596EDA001BF6D2 = {
			isa = PBXGroup;
			children = (
				AECF068724596EDA001BF6D2 /* Weather */,
				AECF068624596EDA001BF6D2 /* Products */,
				318354769D4155C84381D902 /* Pods */,
				4989B3674E58319C1FE08BF0 /* Frameworks */,
			);
			sourceTree = "<group>";
		};
		AECF068624596EDA001BF6D2 /* Products */ = {
			isa = PBXGroup;
			children = (
				AECF068524596EDA001BF6D2 /* Weather.app */,
			);
			name = Products;
			sourceTree = "<group>";
		};
		AECF068724596EDA001BF6D2 /* Weather */ = {
			isa = PBXGroup;
			children = (
				AECF068824596EDA001BF6D2 /* AppDelegate.swift */,
				AECF068A24596EDA001BF6D2 /* SceneDelegate.swift */,
				AECF068C24596EDA001BF6D2 /* WeatherViewController.swift */,
				AECF069124596EDB001BF6D2 /* Assets.xcassets */,
				AECF068E24596EDA001BF6D2 /* Main.storyboard */,
				AECF069324596EDB001BF6D2 /* LaunchScreen.storyboard */,
				AECF069624596EDB001BF6D2 /* Info.plist */,
				AEAEB58F2459BE2600EF130A /* Custom View */,
				AEE608CC245973A3007B728D /* Models */,
				AEE608C9245970B3007B728D /* Networking */,
			);
			path = Weather;
			sourceTree = "<group>";
		};
		AEE608C9245970B3007B728D /* Networking */ = {
			isa = PBXGroup;
			children = (
				AEE608CF24597429007B728D /* NetworkingManager.swift */,
				AEE608CA245970D6007B728D /* WeatherNetworking.swift */,
				AEE608CD245973C4007B728D /* NetworkingManagerError.swift */,
			);
			path = Networking;
			sourceTree = "<group>";
		};
		AEE608CC245973A3007B728D /* Models */ = {
			isa = PBXGroup;
			children = (
				AEAA5C28245975E900C7DC5E /* DetailWeather.swift */,
				AEAEB57E24598C3C00EF130A /* Forecast.swift */,
			);
			path = Models;
			sourceTree = "<group>";
		};
/* End PBXGroup section */

/* Begin PBXNativeTarget section */
		AECF068424596EDA001BF6D2 /* Weather */ = {
			isa = PBXNativeTarget;
			buildConfigurationList = AECF069924596EDB001BF6D2 /* Build configuration list for PBXNativeTarget "Weather" */;
			buildPhases = (
				6E21B35E9AE662A760A245DB /* [CP] Check Pods Manifest.lock */,
				AECF068124596EDA001BF6D2 /* Sources */,
				AECF068224596EDA001BF6D2 /* Frameworks */,
				AECF068324596EDA001BF6D2 /* Resources */,
				664491E20F1400DABBB9120F /* [CP] Embed Pods Frameworks */,
			);
			buildRules = (
			);
			dependencies = (
			);
			name = Weather;
			productName = Weather;
			productReference = AECF068524596EDA001BF6D2 /* Weather.app */;
			productType = "com.apple.product-type.application";
		};
/* End PBXNativeTarget section */

/* Begin PBXProject section */
		AECF067D24596EDA001BF6D2 /* Project object */ = {
			isa = PBXProject;
			attributes = {
				LastSwiftUpdateCheck = 1140;
				LastUpgradeCheck = 1140;
				ORGANIZATIONNAME = "Константин Киски";
				TargetAttributes = {
					AECF068424596EDA001BF6D2 = {
						CreatedOnToolsVersion = 11.4.1;
					};
				};
			};
			buildConfigurationList = AECF068024596EDA001BF6D2 /* Build configuration list for PBXProject "Weather" */;
			compatibilityVersion = "Xcode 9.3";
			developmentRegion = en;
			hasScannedForEncodings = 0;
			knownRegions = (
				en,
				Base,
			);
			mainGroup = AECF067C24596EDA001BF6D2;
			productRefGroup = AECF068624596EDA001BF6D2 /* Products */;
			projectDirPath = "";
			projectRoot = "";
			targets = (
				AECF068424596EDA001BF6D2 /* Weather */,
			);
		};
/* End PBXProject section */

/* Begin PBXResourcesBuildPhase section */
		AECF068324596EDA001BF6D2 /* Resources */ = {
			isa = PBXResourcesBuildPhase;
			buildActionMask = 2147483647;
			files = (
				AE983C9C2459CD5200A6E2ED /* PlaceholderView.xib in Resources */,
				AECF069524596EDB001BF6D2 /* LaunchScreen.storyboard in Resources */,
				AE983C9A2459C8F500A6E2ED /* ForecastCellView.xib in Resources */,
				AE983CA22459E0DF00A6E2ED /* SunView.xib in Resources */,
				AECF069224596EDB001BF6D2 /* Assets.xcassets in Resources */,
				AECF069024596EDA001BF6D2 /* Main.storyboard in Resources */,
				AEAEB58424599C2800EF130A /* WeatherView.xib in Resources */,
			);
			runOnlyForDeploymentPostprocessing = 0;
		};
/* End PBXResourcesBuildPhase section */

/* Begin PBXShellScriptBuildPhase section */
		664491E20F1400DABBB9120F /* [CP] Embed Pods Frameworks */ = {
			isa = PBXShellScriptBuildPhase;
			buildActionMask = 2147483647;
			files = (
			);
			inputFileListPaths = (
				"${PODS_ROOT}/Target Support Files/Pods-Weather/Pods-Weather-frameworks-${CONFIGURATION}-input-files.xcfilelist",
			);
			name = "[CP] Embed Pods Frameworks";
			outputFileListPaths = (
				"${PODS_ROOT}/Target Support Files/Pods-Weather/Pods-Weather-frameworks-${CONFIGURATION}-output-files.xcfilelist",
			);
			runOnlyForDeploymentPostprocessing = 0;
			shellPath = /bin/sh;
			shellScript = "\"${PODS_ROOT}/Target Support Files/Pods-Weather/Pods-Weather-frameworks.sh\"\n";
			showEnvVarsInLog = 0;
		};
		6E21B35E9AE662A760A245DB /* [CP] Check Pods Manifest.lock */ = {
			isa = PBXShellScriptBuildPhase;
			buildActionMask = 2147483647;
			files = (
			);
			inputFileListPaths = (
			);
			inputPaths = (
				"${PODS_PODFILE_DIR_PATH}/Podfile.lock",
				"${PODS_ROOT}/Manifest.lock",
			);
			name = "[CP] Check Pods Manifest.lock";
			outputFileListPaths = (
			);
			outputPaths = (
				"$(DERIVED_FILE_DIR)/Pods-Weather-checkManifestLockResult.txt",
			);
			runOnlyForDeploymentPostprocessing = 0;
			shellPath = /bin/sh;
			shellScript = "diff \"${PODS_PODFILE_DIR_PATH}/Podfile.lock\" \"${PODS_ROOT}/Manifest.lock\" > /dev/null\nif [ $? != 0 ] ; then\n    # print error to STDERR\n    echo \"error: The sandbox is not in sync with the Podfile.lock. Run 'pod install' or update your CocoaPods installation.\" >&2\n    exit 1\nfi\n# This output is used by Xcode 'outputs' to avoid re-running this script phase.\necho \"SUCCESS\" > \"${SCRIPT_OUTPUT_FILE_0}\"\n";
			showEnvVarsInLog = 0;
		};
/* End PBXShellScriptBuildPhase section */

/* Begin PBXSourcesBuildPhase section */
		AECF068124596EDA001BF6D2 /* Sources */ = {
			isa = PBXSourcesBuildPhase;
			buildActionMask = 2147483647;
			files = (
				AE983C9E2459CD5F00A6E2ED /* PlaceholderView.swift in Sources */,
				AEAEB57F24598C3C00EF130A /* Forecast.swift in Sources */,
				AECF068D24596EDA001BF6D2 /* WeatherViewController.swift in Sources */,
				AE983CA02459E0CC00A6E2ED /* SunView.swift in Sources */,
				AEAEB58A2459BA5300EF130A /* WeatherCollectionViewCell.swift in Sources */,
				AECF068924596EDA001BF6D2 /* AppDelegate.swift in Sources */,
				AEE608CB245970D6007B728D /* WeatherNetworking.swift in Sources */,
				AEE608D024597429007B728D /* NetworkingManager.swift in Sources */,
				AEAA5C29245975E900C7DC5E /* DetailWeather.swift in Sources */,
				AEAEB58624599CEF00EF130A /* SpinnerView.swift in Sources */,
				AEAEB58224599C2000EF130A /* WeatherView.swift in Sources */,
				AECF068B24596EDA001BF6D2 /* SceneDelegate.swift in Sources */,
				AE983C962459C15400A6E2ED /* ForecastCellView.swift in Sources */,
				AEE608CE245973C4007B728D /* NetworkingManagerError.swift in Sources */,
			);
			runOnlyForDeploymentPostprocessing = 0;
		};
/* End PBXSourcesBuildPhase section */

/* Begin PBXVariantGroup section */
		AECF068E24596EDA001BF6D2 /* Main.storyboard */ = {
			isa = PBXVariantGroup;
			children = (
				AECF068F24596EDA001BF6D2 /* Base */,
			);
			name = Main.storyboard;
			sourceTree = "<group>";
		};
		AECF069324596EDB001BF6D2 /* LaunchScreen.storyboard */ = {
			isa = PBXVariantGroup;
			children = (
				AECF069424596EDB001BF6D2 /* Base */,
			);
			name = LaunchScreen.storyboard;
			sourceTree = "<group>";
		};
/* End PBXVariantGroup section */

/* Begin XCBuildConfiguration section */
		AECF069724596EDB001BF6D2 /* Debug */ = {
			isa = XCBuildConfiguration;
			buildSettings = {
				ALWAYS_SEARCH_USER_PATHS = NO;
				CLANG_ANALYZER_NONNULL = YES;
				CLANG_ANALYZER_NUMBER_OBJECT_CONVERSION = YES_AGGRESSIVE;
				CLANG_CXX_LANGUAGE_STANDARD = "gnu++14";
				CLANG_CXX_LIBRARY = "libc++";
				CLANG_ENABLE_MODULES = YES;
				CLANG_ENABLE_OBJC_ARC = YES;
				CLANG_ENABLE_OBJC_WEAK = YES;
				CLANG_WARN_BLOCK_CAPTURE_AUTORELEASING = YES;
				CLANG_WARN_BOOL_CONVERSION = YES;
				CLANG_WARN_COMMA = YES;
				CLANG_WARN_CONSTANT_CONVERSION = YES;
				CLANG_WARN_DEPRECATED_OBJC_IMPLEMENTATIONS = YES;
				CLANG_WARN_DIRECT_OBJC_ISA_USAGE = YES_ERROR;
				CLANG_WARN_DOCUMENTATION_COMMENTS = YES;
				CLANG_WARN_EMPTY_BODY = YES;
				CLANG_WARN_ENUM_CONVERSION = YES;
				CLANG_WARN_INFINITE_RECURSION = YES;
				CLANG_WARN_INT_CONVERSION = YES;
				CLANG_WARN_NON_LITERAL_NULL_CONVERSION = YES;
				CLANG_WARN_OBJC_IMPLICIT_RETAIN_SELF = YES;
				CLANG_WARN_OBJC_LITERAL_CONVERSION = YES;
				CLANG_WARN_OBJC_ROOT_CLASS = YES_ERROR;
				CLANG_WARN_RANGE_LOOP_ANALYSIS = YES;
				CLANG_WARN_STRICT_PROTOTYPES = YES;
				CLANG_WARN_SUSPICIOUS_MOVE = YES;
				CLANG_WARN_UNGUARDED_AVAILABILITY = YES_AGGRESSIVE;
				CLANG_WARN_UNREACHABLE_CODE = YES;
				CLANG_WARN__DUPLICATE_METHOD_MATCH = YES;
				COPY_PHASE_STRIP = NO;
				DEBUG_INFORMATION_FORMAT = dwarf;
				ENABLE_STRICT_OBJC_MSGSEND = YES;
				ENABLE_TESTABILITY = YES;
				GCC_C_LANGUAGE_STANDARD = gnu11;
				GCC_DYNAMIC_NO_PIC = NO;
				GCC_NO_COMMON_BLOCKS = YES;
				GCC_OPTIMIZATION_LEVEL = 0;
				GCC_PREPROCESSOR_DEFINITIONS = (
					"DEBUG=1",
					"$(inherited)",
				);
				GCC_WARN_64_TO_32_BIT_CONVERSION = YES;
				GCC_WARN_ABOUT_RETURN_TYPE = YES_ERROR;
				GCC_WARN_UNDECLARED_SELECTOR = YES;
				GCC_WARN_UNINITIALIZED_AUTOS = YES_AGGRESSIVE;
				GCC_WARN_UNUSED_FUNCTION = YES;
				GCC_WARN_UNUSED_VARIABLE = YES;
				IPHONEOS_DEPLOYMENT_TARGET = 13.4;
				MTL_ENABLE_DEBUG_INFO = INCLUDE_SOURCE;
				MTL_FAST_MATH = YES;
				ONLY_ACTIVE_ARCH = YES;
				SDKROOT = iphoneos;
				SWIFT_ACTIVE_COMPILATION_CONDITIONS = DEBUG;
				SWIFT_OPTIMIZATION_LEVEL = "-Onone";
			};
			name = Debug;
		};
		AECF069824596EDB001BF6D2 /* Release */ = {
			isa = XCBuildConfiguration;
			buildSettings = {
				ALWAYS_SEARCH_USER_PATHS = NO;
				CLANG_ANALYZER_NONNULL = YES;
				CLANG_ANALYZER_NUMBER_OBJECT_CONVERSION = YES_AGGRESSIVE;
				CLANG_CXX_LANGUAGE_STANDARD = "gnu++14";
				CLANG_CXX_LIBRARY = "libc++";
				CLANG_ENABLE_MODULES = YES;
				CLANG_ENABLE_OBJC_ARC = YES;
				CLANG_ENABLE_OBJC_WEAK = YES;
				CLANG_WARN_BLOCK_CAPTURE_AUTORELEASING = YES;
				CLANG_WARN_BOOL_CONVERSION = YES;
				CLANG_WARN_COMMA = YES;
				CLANG_WARN_CONSTANT_CONVERSION = YES;
				CLANG_WARN_DEPRECATED_OBJC_IMPLEMENTATIONS = YES;
				CLANG_WARN_DIRECT_OBJC_ISA_USAGE = YES_ERROR;
				CLANG_WARN_DOCUMENTATION_COMMENTS = YES;
				CLANG_WARN_EMPTY_BODY = YES;
				CLANG_WARN_ENUM_CONVERSION = YES;
				CLANG_WARN_INFINITE_RECURSION = YES;
				CLANG_WARN_INT_CONVERSION = YES;
				CLANG_WARN_NON_LITERAL_NULL_CONVERSION = YES;
				CLANG_WARN_OBJC_IMPLICIT_RETAIN_SELF = YES;
				CLANG_WARN_OBJC_LITERAL_CONVERSION = YES;
				CLANG_WARN_OBJC_ROOT_CLASS = YES_ERROR;
				CLANG_WARN_RANGE_LOOP_ANALYSIS = YES;
				CLANG_WARN_STRICT_PROTOTYPES = YES;
				CLANG_WARN_SUSPICIOUS_MOVE = YES;
				CLANG_WARN_UNGUARDED_AVAILABILITY = YES_AGGRESSIVE;
				CLANG_WARN_UNREACHABLE_CODE = YES;
				CLANG_WARN__DUPLICATE_METHOD_MATCH = YES;
				COPY_PHASE_STRIP = NO;
				DEBUG_INFORMATION_FORMAT = "dwarf-with-dsym";
				ENABLE_NS_ASSERTIONS = NO;
				ENABLE_STRICT_OBJC_MSGSEND = YES;
				GCC_C_LANGUAGE_STANDARD = gnu11;
				GCC_NO_COMMON_BLOCKS = YES;
				GCC_WARN_64_TO_32_BIT_CONVERSION = YES;
				GCC_WARN_ABOUT_RETURN_TYPE = YES_ERROR;
				GCC_WARN_UNDECLARED_SELECTOR = YES;
				GCC_WARN_UNINITIALIZED_AUTOS = YES_AGGRESSIVE;
				GCC_WARN_UNUSED_FUNCTION = YES;
				GCC_WARN_UNUSED_VARIABLE = YES;
				IPHONEOS_DEPLOYMENT_TARGET = 13.4;
				MTL_ENABLE_DEBUG_INFO = NO;
				MTL_FAST_MATH = YES;
				SDKROOT = iphoneos;
				SWIFT_COMPILATION_MODE = wholemodule;
				SWIFT_OPTIMIZATION_LEVEL = "-O";
				VALIDATE_PRODUCT = YES;
			};
			name = Release;
		};
		AECF069A24596EDB001BF6D2 /* Debug */ = {
			isa = XCBuildConfiguration;
			baseConfigurationReference = B3A19E9ABE73500C29BA5117 /* Pods-Weather.debug.xcconfig */;
			buildSettings = {
				ASSETCATALOG_COMPILER_APPICON_NAME = AppIcon;
				CODE_SIGN_STYLE = Automatic;
				DEVELOPMENT_TEAM = 97T697ANXW;
				INFOPLIST_FILE = Weather/Info.plist;
				LD_RUNPATH_SEARCH_PATHS = (
					"$(inherited)",
					"@executable_path/Frameworks",
				);
				PRODUCT_BUNDLE_IDENTIFIER = KonstantinKiski.Weather;
				PRODUCT_NAME = "$(TARGET_NAME)";
				SWIFT_VERSION = 5.0;
				TARGETED_DEVICE_FAMILY = "1,2";
			};
			name = Debug;
		};
		AECF069B24596EDB001BF6D2 /* Release */ = {
			isa = XCBuildConfiguration;
			baseConfigurationReference = E7B873784308E4DF655A8A8E /* Pods-Weather.release.xcconfig */;
			buildSettings = {
				ASSETCATALOG_COMPILER_APPICON_NAME = AppIcon;
				CODE_SIGN_STYLE = Automatic;
				DEVELOPMENT_TEAM = 97T697ANXW;
				INFOPLIST_FILE = Weather/Info.plist;
				LD_RUNPATH_SEARCH_PATHS = (
					"$(inherited)",
					"@executable_path/Frameworks",
				);
				PRODUCT_BUNDLE_IDENTIFIER = KonstantinKiski.Weather;
				PRODUCT_NAME = "$(TARGET_NAME)";
				SWIFT_VERSION = 5.0;
				TARGETED_DEVICE_FAMILY = "1,2";
			};
			name = Release;
		};
/* End XCBuildConfiguration section */

/* Begin XCConfigurationList section */
		AECF068024596EDA001BF6D2 /* Build configuration list for PBXProject "Weather" */ = {
			isa = XCConfigurationList;
			buildConfigurations = (
				AECF069724596EDB001BF6D2 /* Debug */,
				AECF069824596EDB001BF6D2 /* Release */,
			);
			defaultConfigurationIsVisible = 0;
			defaultConfigurationName = Release;
		};
		AECF069924596EDB001BF6D2 /* Build configuration list for PBXNativeTarget "Weather" */ = {
			isa = XCConfigurationList;
			buildConfigurations = (
				AECF069A24596EDB001BF6D2 /* Debug */,
				AECF069B24596EDB001BF6D2 /* Release */,
			);
			defaultConfigurationIsVisible = 0;
			defaultConfigurationName = Release;
		};
/* End XCConfigurationList section */
	};
	rootObject = AECF067D24596EDA001BF6D2 /* Project object */;
}
